
Microsoft Visual Studio Solution File, Format Version 12.00
# Visual Studio 15
VisualStudioVersion = 15.0.28307.572
MinimumVisualStudioVersion = 10.0.40219.1
Project("{FAE04EC0-301F-11D3-BF4B-00C04F79EFBC}") = "WPF_HW2_Converter_TreeView_Image", "WPF_HW2_Converter_TreeView_Image\WPF_HW2_Converter_TreeView_Image.csproj", "{12562484-2C48-4262-8467-4AEE003E8B2E}"
EndProject
Global
	GlobalSection(SolutionConfigurationPlatforms) = preSolution
		Debug|Any CPU = Debug|Any CPU
		Release|Any CPU = Release|Any CPU
	EndGlobalSection
	GlobalSection(ProjectConfigurationPlatforms) = postSolution
		{12562484-2C48-4262-8467-4AEE003E8B2E}.Debug|Any CPU.ActiveCfg = Debug|Any CPU
		{12562484-2C48-4262-8467-4AEE003E8B2E}.Debug|Any CPU.Build.0 = Debug|Any CPU
		{12562484-2C48-4262-8467-4AEE003E8B2E}.Release|Any CPU.ActiveCfg = Release|Any CPU
		{12562484-2C48-4262-8467-4AEE003E8B2E}.Release|Any CPU.Build.0 = Release|Any CPU
	EndGlobalSection
	GlobalSection(SolutionProperties) = preSolution
		HideSolutionNode = FALSE
	EndGlobalSection
	GlobalSection(ExtensibilityGlobals) = postSolution
		SolutionGuid = {63C2AF5E-F49C-46B1-BA94-87C1DD9537E6}
	EndGlobalSection
EndGlobal
